version = 1
requires-python = ">=3.11"

[[package]]
name = "debugpy"
version = "1.8.13"
source = { registry = "https://pypi.org/simple" }
sdist = { url = "https://files.pythonhosted.org/packages/51/d4/f35f539e11c9344652f362c22413ec5078f677ac71229dc9b4f6f85ccaa3/debugpy-1.8.13.tar.gz", hash = "sha256:837e7bef95bdefba426ae38b9a94821ebdc5bea55627879cd48165c90b9e50ce", size = 1641193 }
wheels = [
    { url = "https://files.pythonhosted.org/packages/31/90/dd2fcad8364f0964f476537481985198ce6e879760281ad1cec289f1aa71/debugpy-1.8.13-cp311-cp311-macosx_14_0_universal2.whl", hash = "sha256:eee02b2ed52a563126c97bf04194af48f2fe1f68bb522a312b05935798e922ff", size = 2174802 },
    { url = "https://files.pythonhosted.org/packages/5c/c9/06ff65f15eb30dbdafd45d1575770b842ce3869ad5580a77f4e5590f1be7/debugpy-1.8.13-cp311-cp311-manylinux_2_5_x86_64.manylinux1_x86_64.manylinux_2_17_x86_64.manylinux2014_x86_64.whl", hash = "sha256:4caca674206e97c85c034c1efab4483f33971d4e02e73081265ecb612af65377", size = 3133620 },
    { url = "https://files.pythonhosted.org/packages/3b/49/798a4092bde16a4650f17ac5f2301d4d37e1972d65462fb25c80a83b4790/debugpy-1.8.13-cp311-cp311-win32.whl", hash = "sha256:7d9a05efc6973b5aaf076d779cf3a6bbb1199e059a17738a2aa9d27a53bcc888", size = 5104764 },
    { url = "https://files.pythonhosted.org/packages/cd/d5/3684d7561c8ba2797305cf8259619acccb8d6ebe2117bb33a6897c235eee/debugpy-1.8.13-cp311-cp311-win_amd64.whl", hash = "sha256:62f9b4a861c256f37e163ada8cf5a81f4c8d5148fc17ee31fb46813bd658cdcc", size = 5129670 },
    { url = "https://files.pythonhosted.org/packages/79/ad/dff929b6b5403feaab0af0e5bb460fd723f9c62538b718a9af819b8fff20/debugpy-1.8.13-cp312-cp312-macosx_14_0_universal2.whl", hash = "sha256:2b8de94c5c78aa0d0ed79023eb27c7c56a64c68217d881bee2ffbcb13951d0c1", size = 2501004 },
    { url = "https://files.pythonhosted.org/packages/d6/4f/b7d42e6679f0bb525888c278b0c0d2b6dff26ed42795230bb46eaae4f9b3/debugpy-1.8.13-cp312-cp312-manylinux_2_5_x86_64.manylinux1_x86_64.manylinux_2_17_x86_64.manylinux2014_x86_64.whl", hash = "sha256:887d54276cefbe7290a754424b077e41efa405a3e07122d8897de54709dbe522", size = 4222346 },
    { url = "https://files.pythonhosted.org/packages/ec/18/d9b3e88e85d41f68f77235112adc31012a784e45a3fcdbb039777d570a0f/debugpy-1.8.13-cp312-cp312-win32.whl", hash = "sha256:3872ce5453b17837ef47fb9f3edc25085ff998ce63543f45ba7af41e7f7d370f", size = 5226639 },
    { url = "https://files.pythonhosted.org/packages/c9/f7/0df18a4f530ed3cc06f0060f548efe9e3316102101e311739d906f5650be/debugpy-1.8.13-cp312-cp312-win_amd64.whl", hash = "sha256:63ca7670563c320503fea26ac688988d9d6b9c6a12abc8a8cf2e7dd8e5f6b6ea", size = 5268735 },
    { url = "https://files.pythonhosted.org/packages/b1/db/ae7cd645c1826aae557cebccbc448f0cc9a818d364efb88f8d80e7a03f41/debugpy-1.8.13-cp313-cp313-macosx_14_0_universal2.whl", hash = "sha256:31abc9618be4edad0b3e3a85277bc9ab51a2d9f708ead0d99ffb5bb750e18503", size = 2485416 },
    { url = "https://files.pythonhosted.org/packages/ec/ed/db4b10ff3b5bb30fe41d9e86444a08bb6448e4d8265e7768450b8408dd36/debugpy-1.8.13-cp313-cp313-manylinux_2_5_x86_64.manylinux1_x86_64.manylinux_2_17_x86_64.manylinux2014_x86_64.whl", hash = "sha256:a0bd87557f97bced5513a74088af0b84982b6ccb2e254b9312e29e8a5c4270eb", size = 4218784 },
    { url = "https://files.pythonhosted.org/packages/82/82/ed81852a8d94086f51664d032d83c7f87cd2b087c6ea70dabec7c1ba813d/debugpy-1.8.13-cp313-cp313-win32.whl", hash = "sha256:5268ae7fdca75f526d04465931cb0bd24577477ff50e8bb03dab90983f4ebd02", size = 5226270 },
    { url = "https://files.pythonhosted.org/packages/15/63/aa92fb341a78ec40f1c414ec7a7885c2ee17032eee00d12cee0cdc502af4/debugpy-1.8.13-cp313-cp313-win_amd64.whl", hash = "sha256:79ce4ed40966c4c1631d0131606b055a5a2f8e430e3f7bf8fd3744b09943e8e8", size = 5268621 },
    { url = "https://files.pythonhosted.org/packages/37/4f/0b65410a08b6452bfd3f7ed6f3610f1a31fb127f46836e82d31797065dcb/debugpy-1.8.13-py2.py3-none-any.whl", hash = "sha256:d4ba115cdd0e3a70942bd562adba9ec8c651fe69ddde2298a1be296fc331906f", size = 5229306 },
]

[[package]]
name = "pyblish-base"
version = "1.8.12"
source = { registry = "https://pypi.org/simple" }
sdist = { url = "https://files.pythonhosted.org/packages/92/58/3dda669184ab9c4375117767d98d23302018aeac068203d6adadfa1f503b/pyblish-base-1.8.12.tar.gz", hash = "sha256:ebc184eb038864380555227a8b58055dd24ece7e6ef7f16d33416c718512871b", size = 129043 }
wheels = [
    { url = "https://files.pythonhosted.org/packages/55/36/4694123201e9961a268101438c7a6e11dc1ae85e919d37883d6e0ed02aed/pyblish_base-1.8.12-py2.py3-none-any.whl", hash = "sha256:2cbe956bfbd4175a2d7d22b344cd345800f4d4437153434ab658fc12646a11e8", size = 149286 },
]

[[package]]
name = "pyblish-debug"
version = "0.1.0"
source = { virtual = "." }
dependencies = [
    { name = "debugpy" },
    { name = "pyblish-base" },
]

[package.metadata]
requires-dist = [
    { name = "debugpy", specifier = ">=1.8.13" },
    { name = "pyblish-base", specifier = ">=1.8.12" },
]
